{
  "version": 4,
  "terraform_version": "1.3.6",
  "serial": 105,
  "lineage": "6cbd98fb-22ad-93ad-1b3a-29eda43749bb",
  "outputs": {},
  "resources": [
    {
      "mode": "managed",
      "type": "yandex_compute_instance",
      "name": "nat",
      "provider": "provider[\"registry.terraform.io/yandex-cloud/yandex\"]",
      "instances": [
        {
          "schema_version": 1,
          "attributes": {
            "allow_recreate": null,
            "allow_stopping_for_update": null,
            "boot_disk": [
              {
                "auto_delete": true,
                "device_name": "fhm63aqd3gnmkfl2idav",
                "disk_id": "fhm63aqd3gnmkfl2idav",
                "initialize_params": [
                  {
                    "block_size": 4096,
                    "description": "",
                    "image_id": "fd80mrhj8fl2oe87o4e1",
                    "name": "",
                    "size": 3,
                    "snapshot_id": "",
                    "type": "network-hdd"
                  }
                ],
                "mode": "READ_WRITE"
              }
            ],
            "created_at": "2022-12-05T09:28:33Z",
            "description": "",
            "folder_id": "b1g757o0h39ncetirpju",
            "fqdn": "fhmqmn0ega7sdf52njh9.auto.internal",
            "hostname": "",
            "id": "fhmqmn0ega7sdf52njh9",
            "labels": null,
            "local_disk": [],
            "metadata": {
              "ssh-keys": "ubuntu:ssh-rsa AAAAB3NzaC1yc2EAAAADAQABAAABgQDLCdUVdShAj8vE8XFDKVo+rZnx6+6iuqyUbOR2Ozk9+RxlFjU9XvCTwrfmrssHwxVA9f7kqzGgUkafVOb/LcxK8XrGYtXo/mkw20n8EEflEnVYG4dj6xNKYalOmvFoAWTnZsyIXGiHjrLXEFujfIKe78qw9y1L/wjI8egl+LNaf6YpK4iaIjgap7o8AuxZEP5JoOEHIHXOxXlnzsvseVCumILClHUuJ6Z/luaLoSQmxvT7pQ4FBf4V50gG0s+qGgFtrWx1Y4xglkIckPJIY76kDGZ+BCh8fAVGc/e7brxvhhyMv6n7v3+d5TgHwgdLweuZh4Q7XBWp/MNlBaAgRukwEfKnmttGFBmU+Mn81/AFEWsRLk9f8mrkxIOdMSpSGScAtmJrYZzzH0svhSVtFF+fDW12ALa/3xkSPc3SUypybMw/XGTrBMCvPDFqew/cSKYD7Awkr+lCpPcyzAT3/Ek0wynXLtDC63rpDF+1ZjvZaYjwDKBtAif8AwHp3ZZVlA8= vagrant@vagrant\n"
            },
            "name": "nat-vm",
            "network_acceleration_type": "standard",
            "network_interface": [
              {
                "dns_record": [],
                "index": 0,
                "ip_address": "192.168.10.254",
                "ipv4": true,
                "ipv6": false,
                "ipv6_address": "",
                "ipv6_dns_record": [],
                "mac_address": "d0:0d:1a:b5:c0:e8",
                "nat": true,
                "nat_dns_record": [],
                "nat_ip_address": "158.160.35.149",
                "nat_ip_version": "IPV4",
                "security_group_ids": [],
                "subnet_id": "e9bp8pb1eno69qvfsb9u"
              }
            ],
            "placement_policy": [
              {
                "host_affinity_rules": [],
                "placement_group_id": ""
              }
            ],
            "platform_id": "standard-v1",
            "resources": [
              {
                "core_fraction": 100,
                "cores": 2,
                "gpus": 0,
                "memory": 2
              }
            ],
            "scheduling_policy": [
              {
                "preemptible": true
              }
            ],
            "secondary_disk": [],
            "service_account_id": "",
            "status": "running",
            "timeouts": null,
            "zone": "ru-central1-a"
          },
          "sensitive_attributes": [],
          "private": "eyJlMmJmYjczMC1lY2FhLTExZTYtOGY4OC0zNDM2M2JjN2M0YzAiOnsiY3JlYXRlIjozMDAwMDAwMDAwMDAsImRlbGV0ZSI6MzAwMDAwMDAwMDAwLCJ1cGRhdGUiOjMwMDAwMDAwMDAwMH0sInNjaGVtYV92ZXJzaW9uIjoiMSJ9",
          "dependencies": [
            "yandex_vpc_network.my-vpc",
            "yandex_vpc_subnet.my-public"
          ]
        }
      ]
    },
    {
      "mode": "managed",
      "type": "yandex_compute_instance",
      "name": "vm-private",
      "provider": "provider[\"registry.terraform.io/yandex-cloud/yandex\"]",
      "instances": [
        {
          "schema_version": 1,
          "attributes": {
            "allow_recreate": null,
            "allow_stopping_for_update": null,
            "boot_disk": [
              {
                "auto_delete": true,
                "device_name": "fhmvg8d3n8325p4fifmr",
                "disk_id": "fhmvg8d3n8325p4fifmr",
                "initialize_params": [
                  {
                    "block_size": 4096,
                    "description": "",
                    "image_id": "fd8k5kam36qhmnojj8je",
                    "name": "",
                    "size": 5,
                    "snapshot_id": "",
                    "type": "network-hdd"
                  }
                ],
                "mode": "READ_WRITE"
              }
            ],
            "created_at": "2022-12-05T09:28:35Z",
            "description": "",
            "folder_id": "b1g757o0h39ncetirpju",
            "fqdn": "fhmt6c81pe467iccvt6d.auto.internal",
            "hostname": "",
            "id": "fhmt6c81pe467iccvt6d",
            "labels": null,
            "local_disk": [],
            "metadata": {
              "ssh-keys": "ubuntu:ssh-rsa AAAAB3NzaC1yc2EAAAADAQABAAABgQDLCdUVdShAj8vE8XFDKVo+rZnx6+6iuqyUbOR2Ozk9+RxlFjU9XvCTwrfmrssHwxVA9f7kqzGgUkafVOb/LcxK8XrGYtXo/mkw20n8EEflEnVYG4dj6xNKYalOmvFoAWTnZsyIXGiHjrLXEFujfIKe78qw9y1L/wjI8egl+LNaf6YpK4iaIjgap7o8AuxZEP5JoOEHIHXOxXlnzsvseVCumILClHUuJ6Z/luaLoSQmxvT7pQ4FBf4V50gG0s+qGgFtrWx1Y4xglkIckPJIY76kDGZ+BCh8fAVGc/e7brxvhhyMv6n7v3+d5TgHwgdLweuZh4Q7XBWp/MNlBaAgRukwEfKnmttGFBmU+Mn81/AFEWsRLk9f8mrkxIOdMSpSGScAtmJrYZzzH0svhSVtFF+fDW12ALa/3xkSPc3SUypybMw/XGTrBMCvPDFqew/cSKYD7Awkr+lCpPcyzAT3/Ek0wynXLtDC63rpDF+1ZjvZaYjwDKBtAif8AwHp3ZZVlA8= vagrant@vagrant\n"
            },
            "name": "vm-private",
            "network_acceleration_type": "standard",
            "network_interface": [
              {
                "dns_record": [],
                "index": 0,
                "ip_address": "192.168.20.27",
                "ipv4": true,
                "ipv6": false,
                "ipv6_address": "",
                "ipv6_dns_record": [],
                "mac_address": "d0:0d:1d:33:10:1c",
                "nat": false,
                "nat_dns_record": [],
                "nat_ip_address": "",
                "nat_ip_version": "",
                "security_group_ids": [],
                "subnet_id": "e9bffh03asud4gu87ba7"
              }
            ],
            "placement_policy": [
              {
                "host_affinity_rules": [],
                "placement_group_id": ""
              }
            ],
            "platform_id": "standard-v1",
            "resources": [
              {
                "core_fraction": 100,
                "cores": 2,
                "gpus": 0,
                "memory": 2
              }
            ],
            "scheduling_policy": [
              {
                "preemptible": true
              }
            ],
            "secondary_disk": [],
            "service_account_id": "",
            "status": "running",
            "timeouts": null,
            "zone": "ru-central1-a"
          },
          "sensitive_attributes": [],
          "private": "eyJlMmJmYjczMC1lY2FhLTExZTYtOGY4OC0zNDM2M2JjN2M0YzAiOnsiY3JlYXRlIjozMDAwMDAwMDAwMDAsImRlbGV0ZSI6MzAwMDAwMDAwMDAwLCJ1cGRhdGUiOjMwMDAwMDAwMDAwMH0sInNjaGVtYV92ZXJzaW9uIjoiMSJ9",
          "dependencies": [
            "yandex_vpc_network.my-vpc",
            "yandex_vpc_route_table.nat-route",
            "yandex_vpc_subnet.my-private"
          ]
        }
      ]
    },
    {
      "mode": "managed",
      "type": "yandex_compute_instance",
      "name": "vm-public",
      "provider": "provider[\"registry.terraform.io/yandex-cloud/yandex\"]",
      "instances": [
        {
          "schema_version": 1,
          "attributes": {
            "allow_recreate": null,
            "allow_stopping_for_update": null,
            "boot_disk": [
              {
                "auto_delete": true,
                "device_name": "fhm8q7acj24o5ivn6d9p",
                "disk_id": "fhm8q7acj24o5ivn6d9p",
                "initialize_params": [
                  {
                    "block_size": 4096,
                    "description": "",
                    "image_id": "fd8k5kam36qhmnojj8je",
                    "name": "",
                    "size": 5,
                    "snapshot_id": "",
                    "type": "network-hdd"
                  }
                ],
                "mode": "READ_WRITE"
              }
            ],
            "created_at": "2022-12-05T09:28:33Z",
            "description": "",
            "folder_id": "b1g757o0h39ncetirpju",
            "fqdn": "fhmagne5cj63bmr6ora2.auto.internal",
            "hostname": "",
            "id": "fhmagne5cj63bmr6ora2",
            "labels": null,
            "local_disk": [],
            "metadata": {
              "ssh-keys": "ubuntu:ssh-rsa AAAAB3NzaC1yc2EAAAADAQABAAABgQDLCdUVdShAj8vE8XFDKVo+rZnx6+6iuqyUbOR2Ozk9+RxlFjU9XvCTwrfmrssHwxVA9f7kqzGgUkafVOb/LcxK8XrGYtXo/mkw20n8EEflEnVYG4dj6xNKYalOmvFoAWTnZsyIXGiHjrLXEFujfIKe78qw9y1L/wjI8egl+LNaf6YpK4iaIjgap7o8AuxZEP5JoOEHIHXOxXlnzsvseVCumILClHUuJ6Z/luaLoSQmxvT7pQ4FBf4V50gG0s+qGgFtrWx1Y4xglkIckPJIY76kDGZ+BCh8fAVGc/e7brxvhhyMv6n7v3+d5TgHwgdLweuZh4Q7XBWp/MNlBaAgRukwEfKnmttGFBmU+Mn81/AFEWsRLk9f8mrkxIOdMSpSGScAtmJrYZzzH0svhSVtFF+fDW12ALa/3xkSPc3SUypybMw/XGTrBMCvPDFqew/cSKYD7Awkr+lCpPcyzAT3/Ek0wynXLtDC63rpDF+1ZjvZaYjwDKBtAif8AwHp3ZZVlA8= vagrant@vagrant\n"
            },
            "name": "vm-public",
            "network_acceleration_type": "standard",
            "network_interface": [
              {
                "dns_record": [],
                "index": 0,
                "ip_address": "192.168.10.4",
                "ipv4": true,
                "ipv6": false,
                "ipv6_address": "",
                "ipv6_dns_record": [],
                "mac_address": "d0:0d:a8:5d:c5:64",
                "nat": true,
                "nat_dns_record": [],
                "nat_ip_address": "158.160.48.169",
                "nat_ip_version": "IPV4",
                "security_group_ids": [],
                "subnet_id": "e9bp8pb1eno69qvfsb9u"
              }
            ],
            "placement_policy": [
              {
                "host_affinity_rules": [],
                "placement_group_id": ""
              }
            ],
            "platform_id": "standard-v1",
            "resources": [
              {
                "core_fraction": 100,
                "cores": 2,
                "gpus": 0,
                "memory": 2
              }
            ],
            "scheduling_policy": [
              {
                "preemptible": true
              }
            ],
            "secondary_disk": [],
            "service_account_id": "",
            "status": "running",
            "timeouts": null,
            "zone": "ru-central1-a"
          },
          "sensitive_attributes": [],
          "private": "eyJlMmJmYjczMC1lY2FhLTExZTYtOGY4OC0zNDM2M2JjN2M0YzAiOnsiY3JlYXRlIjozMDAwMDAwMDAwMDAsImRlbGV0ZSI6MzAwMDAwMDAwMDAwLCJ1cGRhdGUiOjMwMDAwMDAwMDAwMH0sInNjaGVtYV92ZXJzaW9uIjoiMSJ9",
          "dependencies": [
            "yandex_vpc_network.my-vpc",
            "yandex_vpc_subnet.my-public"
          ]
        }
      ]
    },
    {
      "mode": "managed",
      "type": "yandex_vpc_network",
      "name": "my-vpc",
      "provider": "provider[\"registry.terraform.io/yandex-cloud/yandex\"]",
      "instances": [
        {
          "schema_version": 0,
          "attributes": {
            "created_at": "2022-12-05T09:28:31Z",
            "default_security_group_id": "",
            "description": "",
            "folder_id": "b1g757o0h39ncetirpju",
            "id": "enptgp7nlel4m9itilhr",
            "labels": {},
            "name": "new-vpc",
            "subnet_ids": [],
            "timeouts": null
          },
          "sensitive_attributes": [],
          "private": "eyJlMmJmYjczMC1lY2FhLTExZTYtOGY4OC0zNDM2M2JjN2M0YzAiOnsiY3JlYXRlIjo2MDAwMDAwMDAwMCwiZGVsZXRlIjo2MDAwMDAwMDAwMCwidXBkYXRlIjo2MDAwMDAwMDAwMH19"
        }
      ]
    },
    {
      "mode": "managed",
      "type": "yandex_vpc_route_table",
      "name": "nat-route",
      "provider": "provider[\"registry.terraform.io/yandex-cloud/yandex\"]",
      "instances": [
        {
          "schema_version": 0,
          "attributes": {
            "created_at": "2022-12-05T09:28:32Z",
            "description": "",
            "folder_id": "b1g757o0h39ncetirpju",
            "id": "enpgr15e45kukskqmdj0",
            "labels": {},
            "name": "nat-route",
            "network_id": "enptgp7nlel4m9itilhr",
            "static_route": [
              {
                "destination_prefix": "0.0.0.0/0",
                "gateway_id": "",
                "next_hop_address": "192.168.10.254"
              }
            ],
            "timeouts": null
          },
          "sensitive_attributes": [],
          "private": "eyJlMmJmYjczMC1lY2FhLTExZTYtOGY4OC0zNDM2M2JjN2M0YzAiOnsiY3JlYXRlIjoxODAwMDAwMDAwMDAsImRlbGV0ZSI6MTgwMDAwMDAwMDAwLCJ1cGRhdGUiOjE4MDAwMDAwMDAwMH19",
          "dependencies": [
            "yandex_vpc_network.my-vpc"
          ]
        }
      ]
    },
    {
      "mode": "managed",
      "type": "yandex_vpc_subnet",
      "name": "my-private",
      "provider": "provider[\"registry.terraform.io/yandex-cloud/yandex\"]",
      "instances": [
        {
          "schema_version": 0,
          "attributes": {
            "created_at": "2022-12-05T09:28:34Z",
            "description": "",
            "dhcp_options": [],
            "folder_id": "b1g757o0h39ncetirpju",
            "id": "e9bffh03asud4gu87ba7",
            "labels": {},
            "name": "private",
            "network_id": "enptgp7nlel4m9itilhr",
            "route_table_id": "enpgr15e45kukskqmdj0",
            "timeouts": null,
            "v4_cidr_blocks": [
              "192.168.20.0/24"
            ],
            "v6_cidr_blocks": [],
            "zone": "ru-central1-a"
          },
          "sensitive_attributes": [],
          "private": "eyJlMmJmYjczMC1lY2FhLTExZTYtOGY4OC0zNDM2M2JjN2M0YzAiOnsiY3JlYXRlIjoxODAwMDAwMDAwMDAsImRlbGV0ZSI6MTgwMDAwMDAwMDAwLCJ1cGRhdGUiOjE4MDAwMDAwMDAwMH19",
          "dependencies": [
            "yandex_vpc_network.my-vpc",
            "yandex_vpc_route_table.nat-route"
          ]
        }
      ]
    },
    {
      "mode": "managed",
      "type": "yandex_vpc_subnet",
      "name": "my-public",
      "provider": "provider[\"registry.terraform.io/yandex-cloud/yandex\"]",
      "instances": [
        {
          "schema_version": 0,
          "attributes": {
            "created_at": "2022-12-05T09:28:32Z",
            "description": "",
            "dhcp_options": [],
            "folder_id": "b1g757o0h39ncetirpju",
            "id": "e9bp8pb1eno69qvfsb9u",
            "labels": {},
            "name": "public",
            "network_id": "enptgp7nlel4m9itilhr",
            "route_table_id": "",
            "timeouts": null,
            "v4_cidr_blocks": [
              "192.168.10.0/24"
            ],
            "v6_cidr_blocks": [],
            "zone": "ru-central1-a"
          },
          "sensitive_attributes": [],
          "private": "eyJlMmJmYjczMC1lY2FhLTExZTYtOGY4OC0zNDM2M2JjN2M0YzAiOnsiY3JlYXRlIjoxODAwMDAwMDAwMDAsImRlbGV0ZSI6MTgwMDAwMDAwMDAwLCJ1cGRhdGUiOjE4MDAwMDAwMDAwMH19",
          "dependencies": [
            "yandex_vpc_network.my-vpc"
          ]
        }
      ]
    }
  ],
  "check_results": null
}
